{
  "name": "@cow-sunday/game-rules-ts",
  "version": "1.0.0",
  "lockfileVersion": 2,
  "requires": true,
  "packages": {
    "": {
      "name": "@cow-sunday/game-rules-ts",
      "version": "1.0.0",
      "license": "MIT",
      "dependencies": {
        "@cow-sunday/fp-ts": "^1.2.0"
      }
    },
    "node_modules/@cow-sunday/fp-ts": {
      "version": "1.2.0",
      "resolved": "https://registry.npmjs.org/@cow-sunday/fp-ts/-/fp-ts-1.2.0.tgz",
      "integrity": "sha512-OkXx43rC2ICpaTIjyLffSpwll0KPtuCN29uYakyrJSKIc5pSqxso4EAW6L2BegqLUOHoLvCDZZ0kpvWsS5g+jg=="
    }
  },
  "dependencies": {
    "@cow-sunday/fp-ts": {
      "version": "1.2.0",
      "resolved": "https://registry.npmjs.org/@cow-sunday/fp-ts/-/fp-ts-1.2.0.tgz",
      "integrity": "sha512-OkXx43rC2ICpaTIjyLffSpwll0KPtuCN29uYakyrJSKIc5pSqxso4EAW6L2BegqLUOHoLvCDZZ0kpvWsS5g+jg=="
    }
  }
}
